<Solution>
  <Folder Name="/Core/">
    <Project Path="Horoscopo.Core.Business/Horoscopo.Core.Business.csproj" Id="1e6daa16-ed3b-4f2a-b618-e7c9eb679667" />
    <Project Path="Horoscopo.Core.Entities/Horoscopo.Core.Entities.csproj" />
    <Project Path="Horoscopo.Core.Repository/Horoscopo.Core.Repository.csproj" Id="47ddc411-b810-4dd8-b2fa-f2867b57279d" />
  </Folder>
  <Project Path="Horoscopo.Api/Horoscopo.Api.csproj" />
  <Project Path="Horoscopo.Services/Horoscopo.Services.csproj" />
</Solution>
